// !$*UTF8*$!
{
	archiveVersion = 1;
	classes = {
	};
	objectVersion = 77;
	objects = {

/* Begin PBXBuildFile section */
		E979F6482D3F7B99005F46CE /* SDWebImageSwiftUI in Frameworks */ = {isa = PBXBuildFile; productRef = E979F6472D3F7B99005F46CE /* SDWebImageSwiftUI */; };
		E979F64A2D3F7B9F005F46CE /* SDWebImage in Frameworks */ = {isa = PBXBuildFile; productRef = E979F6492D3F7B9F005F46CE /* SDWebImage */; };
		E979F64C2D3F7BA4005F46CE /* SDWebImageMapKit in Frameworks */ = {isa = PBXBuildFile; productRef = E979F64B2D3F7BA4005F46CE /* SDWebImageMapKit */; };
/* End PBXBuildFile section */

/* Begin PBXContainerItemProxy section */
		E90D0BFC2D10EE0C003EAE82 /* PBXContainerItemProxy */ = {
			isa = PBXContainerItemProxy;
			containerPortal = E90D0BE22D10EE0A003EAE82 /* Project object */;
			proxyType = 1;
			remoteGlobalIDString = E90D0BE92D10EE0A003EAE82;
			remoteInfo = "My First Swift";
		};
		E90D0C062D10EE0C003EAE82 /* PBXContainerItemProxy */ = {
			isa = PBXContainerItemProxy;
			containerPortal = E90D0BE22D10EE0A003EAE82 /* Project object */;
			proxyType = 1;
			remoteGlobalIDString = E90D0BE92D10EE0A003EAE82;
			remoteInfo = "My First Swift";
		};
/* End PBXContainerItemProxy section */

/* Begin PBXFileReference section */
		E90D0BEA2D10EE0A003EAE82 /* My First Swift.app */ = {isa = PBXFileReference; explicitFileType = wrapper.application; includeInIndex = 0; path = "My First Swift.app"; sourceTree = BUILT_PRODUCTS_DIR; };
		E90D0BFB2D10EE0C003EAE82 /* My First SwiftTests.xctest */ = {isa = PBXFileReference; explicitFileType = wrapper.cfbundle; includeInIndex = 0; path = "My First SwiftTests.xctest"; sourceTree = BUILT_PRODUCTS_DIR; };
		E90D0C052D10EE0C003EAE82 /* My First SwiftUITests.xctest */ = {isa = PBXFileReference; explicitFileType = wrapper.cfbundle; includeInIndex = 0; path = "My First SwiftUITests.xctest"; sourceTree = BUILT_PRODUCTS_DIR; };
/* End PBXFileReference section */

/* Begin PBXFileSystemSynchronizedRootGroup section */
		E90D0BEC2D10EE0A003EAE82 /* My First Swift */ = {
			isa = PBXFileSystemSynchronizedRootGroup;
			path = "My First Swift";
			sourceTree = "<group>";
		};
		E90D0BFE2D10EE0C003EAE82 /* My First SwiftTests */ = {
			isa = PBXFileSystemSynchronizedRootGroup;
			path = "My First SwiftTests";
			sourceTree = "<group>";
		};
		E90D0C082D10EE0C003EAE82 /* My First SwiftUITests */ = {
			isa = PBXFileSystemSynchronizedRootGroup;
			path = "My First SwiftUITests";
			sourceTree = "<group>";
		};
/* End PBXFileSystemSynchronizedRootGroup section */

/* Begin PBXFrameworksBuildPhase section */
		E90D0BE72D10EE0A003EAE82 /* Frameworks */ = {
			isa = PBXFrameworksBuildPhase;
			buildActionMask = 2147483647;
			files = (
				E979F64A2D3F7B9F005F46CE /* SDWebImage in Frameworks */,
				E979F64C2D3F7BA4005F46CE /* SDWebImageMapKit in Frameworks */,
				E979F6482D3F7B99005F46CE /* SDWebImageSwiftUI in Frameworks */,
			);
			runOnlyForDeploymentPostprocessing = 0;
		};
		E90D0BF82D10EE0C003EAE82 /* Frameworks */ = {
			isa = PBXFrameworksBuildPhase;
			buildActionMask = 2147483647;
			files = (
			);
			runOnlyForDeploymentPostprocessing = 0;
		};
		E90D0C022D10EE0C003EAE82 /* Frameworks */ = {
			isa = PBXFrameworksBuildPhase;
			buildActionMask = 2147483647;
			files = (
			);
			runOnlyForDeploymentPostprocessing = 0;
		};
/* End PBXFrameworksBuildPhase section */

/* Begin PBXGroup section */
		E90D0BE12D10EE0A003EAE82 = {
			isa = PBXGroup;
			children = (
				E90D0BEC2D10EE0A003EAE82 /* My First Swift */,
				E90D0BFE2D10EE0C003EAE82 /* My First SwiftTests */,
				E90D0C082D10EE0C003EAE82 /* My First SwiftUITests */,
				E979F6462D3F7B8C005F46CE /* Frameworks */,
				E90D0BEB2D10EE0A003EAE82 /* Products */,
			);
			sourceTree = "<group>";
		};
		E90D0BEB2D10EE0A003EAE82 /* Products */ = {
			isa = PBXGroup;
			children = (
				E90D0BEA2D10EE0A003EAE82 /* My First Swift.app */,
				E90D0BFB2D10EE0C003EAE82 /* My First SwiftTests.xctest */,
				E90D0C052D10EE0C003EAE82 /* My First SwiftUITests.xctest */,
			);
			name = Products;
			sourceTree = "<group>";
		};
		E979F6462D3F7B8C005F46CE /* Frameworks */ = {
			isa = PBXGroup;
			children = (
			);
			name = Frameworks;
			sourceTree = "<group>";
		};
/* End PBXGroup section */

/* Begin PBXNativeTarget section */
		E90D0BE92D10EE0A003EAE82 /* My First Swift */ = {
			isa = PBXNativeTarget;
			buildConfigurationList = E90D0C0F2D10EE0C003EAE82 /* Build configuration list for PBXNativeTarget "My First Swift" */;
			buildPhases = (
				E90D0BE62D10EE0A003EAE82 /* Sources */,
				E90D0BE72D10EE0A003EAE82 /* Frameworks */,
				E90D0BE82D10EE0A003EAE82 /* Resources */,
			);
			buildRules = (
			);
			dependencies = (
			);
			fileSystemSynchronizedGroups = (
				E90D0BEC2D10EE0A003EAE82 /* My First Swift */,
			);
			name = "My First Swift";
			packageProductDependencies = (
				E979F6472D3F7B99005F46CE /* SDWebImageSwiftUI */,
				E979F6492D3F7B9F005F46CE /* SDWebImage */,
				E979F64B2D3F7BA4005F46CE /* SDWebImageMapKit */,
			);
			productName = "My First Swift";
			productReference = E90D0BEA2D10EE0A003EAE82 /* My First Swift.app */;
			productType = "com.apple.product-type.application";
		};
		E90D0BFA2D10EE0C003EAE82 /* My First SwiftTests */ = {
			isa = PBXNativeTarget;
			buildConfigurationList = E90D0C122D10EE0C003EAE82 /* Build configuration list for PBXNativeTarget "My First SwiftTests" */;
			buildPhases = (
				E90D0BF72D10EE0C003EAE82 /* Sources */,
				E90D0BF82D10EE0C003EAE82 /* Frameworks */,
				E90D0BF92D10EE0C003EAE82 /* Resources */,
			);
			buildRules = (
			);
			dependencies = (
				E90D0BFD2D10EE0C003EAE82 /* PBXTargetDependency */,
			);
			fileSystemSynchronizedGroups = (
				E90D0BFE2D10EE0C003EAE82 /* My First SwiftTests */,
			);
			name = "My First SwiftTests";
			packageProductDependencies = (
			);
			productName = "My First SwiftTests";
			productReference = E90D0BFB2D10EE0C003EAE82 /* My First SwiftTests.xctest */;
			productType = "com.apple.product-type.bundle.unit-test";
		};
		E90D0C042D10EE0C003EAE82 /* My First SwiftUITests */ = {
			isa = PBXNativeTarget;
			buildConfigurationList = E90D0C152D10EE0C003EAE82 /* Build configuration list for PBXNativeTarget "My First SwiftUITests" */;
			buildPhases = (
				E90D0C012D10EE0C003EAE82 /* Sources */,
				E90D0C022D10EE0C003EAE82 /* Frameworks */,
				E90D0C032D10EE0C003EAE82 /* Resources */,
			);
			buildRules = (
			);
			dependencies = (
				E90D0C072D10EE0C003EAE82 /* PBXTargetDependency */,
			);
			fileSystemSynchronizedGroups = (
				E90D0C082D10EE0C003EAE82 /* My First SwiftUITests */,
			);
			name = "My First SwiftUITests";
			packageProductDependencies = (
			);
			productName = "My First SwiftUITests";
			productReference = E90D0C052D10EE0C003EAE82 /* My First SwiftUITests.xctest */;
			productType = "com.apple.product-type.bundle.ui-testing";
		};
/* End PBXNativeTarget section */

/* Begin PBXProject section */
		E90D0BE22D10EE0A003EAE82 /* Project object */ = {
			isa = PBXProject;
			attributes = {
				BuildIndependentTargetsInParallel = 1;
				LastSwiftUpdateCheck = 1620;
				LastUpgradeCheck = 1620;
				TargetAttributes = {
					E90D0BE92D10EE0A003EAE82 = {
						CreatedOnToolsVersion = 16.2;
					};
					E90D0BFA2D10EE0C003EAE82 = {
						CreatedOnToolsVersion = 16.2;
						TestTargetID = E90D0BE92D10EE0A003EAE82;
					};
					E90D0C042D10EE0C003EAE82 = {
						CreatedOnToolsVersion = 16.2;
						TestTargetID = E90D0BE92D10EE0A003EAE82;
					};
				};
			};
			buildConfigurationList = E90D0BE52D10EE0A003EAE82 /* Build configuration list for PBXProject "My First Swift" */;
			developmentRegion = en;
			hasScannedForEncodings = 0;
			knownRegions = (
				en,
				Base,
			);
			mainGroup = E90D0BE12D10EE0A003EAE82;
			minimizedProjectReferenceProxies = 1;
			packageReferences = (
				E979F6442D3F7993005F46CE /* XCRemoteSwiftPackageReference "SDWebImage" */,
				E979F6452D3F79D5005F46CE /* XCRemoteSwiftPackageReference "SDWebImageSwiftUI" */,
			);
			preferredProjectObjectVersion = 77;
			productRefGroup = E90D0BEB2D10EE0A003EAE82 /* Products */;
			projectDirPath = "";
			projectRoot = "";
			targets = (
				E90D0BE92D10EE0A003EAE82 /* My First Swift */,
				E90D0BFA2D10EE0C003EAE82 /* My First SwiftTests */,
				E90D0C042D10EE0C003EAE82 /* My First SwiftUITests */,
			);
		};
/* End PBXProject section */

/* Begin PBXResourcesBuildPhase section */
		E90D0BE82D10EE0A003EAE82 /* Resources */ = {
			isa = PBXResourcesBuildPhase;
			buildActionMask = 2147483647;
			files = (
			);
			runOnlyForDeploymentPostprocessing = 0;
		};
		E90D0BF92D10EE0C003EAE82 /* Resources */ = {
			isa = PBXResourcesBuildPhase;
			buildActionMask = 2147483647;
			files = (
			);
			runOnlyForDeploymentPostprocessing = 0;
		};
		E90D0C032D10EE0C003EAE82 /* Resources */ = {
			isa = PBXResourcesBuildPhase;
			buildActionMask = 2147483647;
			files = (
			);
			runOnlyForDeploymentPostprocessing = 0;
		};
/* End PBXResourcesBuildPhase section */

/* Begin PBXSourcesBuildPhase section */
		E90D0BE62D10EE0A003EAE82 /* Sources */ = {
			isa = PBXSourcesBuildPhase;
			buildActionMask = 2147483647;
			files = (
			);
			runOnlyForDeploymentPostprocessing = 0;
		};
		E90D0BF72D10EE0C003EAE82 /* Sources */ = {
			isa = PBXSourcesBuildPhase;
			buildActionMask = 2147483647;
			files = (
			);
			runOnlyForDeploymentPostprocessing = 0;
		};
		E90D0C012D10EE0C003EAE82 /* Sources */ = {
			isa = PBXSourcesBuildPhase;
			buildActionMask = 2147483647;
			files = (
			);
			runOnlyForDeploymentPostprocessing = 0;
		};
/* End PBXSourcesBuildPhase section */

/* Begin PBXTargetDependency section */
		E90D0BFD2D10EE0C003EAE82 /* PBXTargetDependency */ = {
			isa = PBXTargetDependency;
			target = E90D0BE92D10EE0A003EAE82 /* My First Swift */;
			targetProxy = E90D0BFC2D10EE0C003EAE82 /* PBXContainerItemProxy */;
		};
		E90D0C072D10EE0C003EAE82 /* PBXTargetDependency */ = {
			isa = PBXTargetDependency;
			target = E90D0BE92D10EE0A003EAE82 /* My First Swift */;
			targetProxy = E90D0C062D10EE0C003EAE82 /* PBXContainerItemProxy */;
		};
/* End PBXTargetDependency section */

/* Begin XCBuildConfiguration section */
		E90D0C0D2D10EE0C003EAE82 /* Debug */ = {
			isa = XCBuildConfiguration;
			buildSettings = {
				ALWAYS_SEARCH_USER_PATHS = NO;
				ASSETCATALOG_COMPILER_GENERATE_SWIFT_ASSET_SYMBOL_EXTENSIONS = YES;
				CLANG_ANALYZER_NONNULL = YES;
				CLANG_ANALYZER_NUMBER_OBJECT_CONVERSION = YES_AGGRESSIVE;
				CLANG_CXX_LANGUAGE_STANDARD = "gnu++20";
				CLANG_ENABLE_MODULES = YES;
				CLANG_ENABLE_OBJC_ARC = YES;
				CLANG_ENABLE_OBJC_WEAK = YES;
				CLANG_WARN_BLOCK_CAPTURE_AUTORELEASING = YES;
				CLANG_WARN_BOOL_CONVERSION = YES;
				CLANG_WARN_COMMA = YES;
				CLANG_WARN_CONSTANT_CONVERSION = YES;
				CLANG_WARN_DEPRECATED_OBJC_IMPLEMENTATIONS = YES;
				CLANG_WARN_DIRECT_OBJC_ISA_USAGE = YES_ERROR;
				CLANG_WARN_DOCUMENTATION_COMMENTS = YES;
				CLANG_WARN_EMPTY_BODY = YES;
				CLANG_WARN_ENUM_CONVERSION = YES;
				CLANG_WARN_INFINITE_RECURSION = YES;
				CLANG_WARN_INT_CONVERSION = YES;
				CLANG_WARN_NON_LITERAL_NULL_CONVERSION = YES;
				CLANG_WARN_OBJC_IMPLICIT_RETAIN_SELF = YES;
				CLANG_WARN_OBJC_LITERAL_CONVERSION = YES;
				CLANG_WARN_OBJC_ROOT_CLASS = YES_ERROR;
				CLANG_WARN_QUOTED_INCLUDE_IN_FRAMEWORK_HEADER = YES;
				CLANG_WARN_RANGE_LOOP_ANALYSIS = YES;
				CLANG_WARN_STRICT_PROTOTYPES = YES;
				CLANG_WARN_SUSPICIOUS_MOVE = YES;
				CLANG_WARN_UNGUARDED_AVAILABILITY = YES_AGGRESSIVE;
				CLANG_WARN_UNREACHABLE_CODE = YES;
				CLANG_WARN__DUPLICATE_METHOD_MATCH = YES;
				COPY_PHASE_STRIP = NO;
				DEBUG_INFORMATION_FORMAT = dwarf;
				ENABLE_STRICT_OBJC_MSGSEND = YES;
				ENABLE_TESTABILITY = YES;
				ENABLE_USER_SCRIPT_SANDBOXING = YES;
				GCC_C_LANGUAGE_STANDARD = gnu17;
				GCC_DYNAMIC_NO_PIC = NO;
				GCC_NO_COMMON_BLOCKS = YES;
				GCC_OPTIMIZATION_LEVEL = 0;
				GCC_PREPROCESSOR_DEFINITIONS = (
					"DEBUG=1",
					"$(inherited)",
				);
				GCC_WARN_64_TO_32_BIT_CONVERSION = YES;
				GCC_WARN_ABOUT_RETURN_TYPE = YES_ERROR;
				GCC_WARN_UNDECLARED_SELECTOR = YES;
				GCC_WARN_UNINITIALIZED_AUTOS = YES_AGGRESSIVE;
				GCC_WARN_UNUSED_FUNCTION = YES;
				GCC_WARN_UNUSED_VARIABLE = YES;
				LOCALIZATION_PREFERS_STRING_CATALOGS = YES;
				MTL_ENABLE_DEBUG_INFO = INCLUDE_SOURCE;
				MTL_FAST_MATH = YES;
				ONLY_ACTIVE_ARCH = YES;
				SWIFT_ACTIVE_COMPILATION_CONDITIONS = "DEBUG $(inherited)";
				SWIFT_OPTIMIZATION_LEVEL = "-Onone";
			};
			name = Debug;
		};
		E90D0C0E2D10EE0C003EAE82 /* Release */ = {
			isa = XCBuildConfiguration;
			buildSettings = {
				ALWAYS_SEARCH_USER_PATHS = NO;
				ASSETCATALOG_COMPILER_GENERATE_SWIFT_ASSET_SYMBOL_EXTENSIONS = YES;
				CLANG_ANALYZER_NONNULL = YES;
				CLANG_ANALYZER_NUMBER_OBJECT_CONVERSION = YES_AGGRESSIVE;
				CLANG_CXX_LANGUAGE_STANDARD = "gnu++20";
				CLANG_ENABLE_MODULES = YES;
				CLANG_ENABLE_OBJC_ARC = YES;
				CLANG_ENABLE_OBJC_WEAK = YES;
				CLANG_WARN_BLOCK_CAPTURE_AUTORELEASING = YES;
				CLANG_WARN_BOOL_CONVERSION = YES;
				CLANG_WARN_COMMA = YES;
				CLANG_WARN_CONSTANT_CONVERSION = YES;
				CLANG_WARN_DEPRECATED_OBJC_IMPLEMENTATIONS = YES;
				CLANG_WARN_DIRECT_OBJC_ISA_USAGE = YES_ERROR;
				CLANG_WARN_DOCUMENTATION_COMMENTS = YES;
				CLANG_WARN_EMPTY_BODY = YES;
				CLANG_WARN_ENUM_CONVERSION = YES;
				CLANG_WARN_INFINITE_RECURSION = YES;
				CLANG_WARN_INT_CONVERSION = YES;
				CLANG_WARN_NON_LITERAL_NULL_CONVERSION = YES;
				CLANG_WARN_OBJC_IMPLICIT_RETAIN_SELF = YES;
				CLANG_WARN_OBJC_LITERAL_CONVERSION = YES;
				CLANG_WARN_OBJC_ROOT_CLASS = YES_ERROR;
				CLANG_WARN_QUOTED_INCLUDE_IN_FRAMEWORK_HEADER = YES;
				CLANG_WARN_RANGE_LOOP_ANALYSIS = YES;
				CLANG_WARN_STRICT_PROTOTYPES = YES;
				CLANG_WARN_SUSPICIOUS_MOVE = YES;
				CLANG_WARN_UNGUARDED_AVAILABILITY = YES_AGGRESSIVE;
				CLANG_WARN_UNREACHABLE_CODE = YES;
				CLANG_WARN__DUPLICATE_METHOD_MATCH = YES;
				COPY_PHASE_STRIP = NO;
				DEBUG_INFORMATION_FORMAT = "dwarf-with-dsym";
				ENABLE_NS_ASSERTIONS = NO;
				ENABLE_STRICT_OBJC_MSGSEND = YES;
				ENABLE_USER_SCRIPT_SANDBOXING = YES;
				GCC_C_LANGUAGE_STANDARD = gnu17;
				GCC_NO_COMMON_BLOCKS = YES;
				GCC_WARN_64_TO_32_BIT_CONVERSION = YES;
				GCC_WARN_ABOUT_RETURN_TYPE = YES_ERROR;
				GCC_WARN_UNDECLARED_SELECTOR = YES;
				GCC_WARN_UNINITIALIZED_AUTOS = YES_AGGRESSIVE;
				GCC_WARN_UNUSED_FUNCTION = YES;
				GCC_WARN_UNUSED_VARIABLE = YES;
				LOCALIZATION_PREFERS_STRING_CATALOGS = YES;
				MTL_ENABLE_DEBUG_INFO = NO;
				MTL_FAST_MATH = YES;
				SWIFT_COMPILATION_MODE = wholemodule;
			};
			name = Release;
		};
		E90D0C102D10EE0C003EAE82 /* Debug */ = {
			isa = XCBuildConfiguration;
			buildSettings = {
				ASSETCATALOG_COMPILER_APPICON_NAME = AppIcon;
				ASSETCATALOG_COMPILER_GLOBAL_ACCENT_COLOR_NAME = AccentColor;
				CODE_SIGN_ENTITLEMENTS = "My First Swift/My_First_Swift.entitlements";
				CODE_SIGN_STYLE = Automatic;
				CURRENT_PROJECT_VERSION = 1;
				DEVELOPMENT_ASSET_PATHS = "\"My First Swift/Preview Content\"";
				ENABLE_PREVIEWS = YES;
				GENERATE_INFOPLIST_FILE = YES;
				"INFOPLIST_KEY_UIApplicationSceneManifest_Generation[sdk=iphoneos*]" = YES;
				"INFOPLIST_KEY_UIApplicationSceneManifest_Generation[sdk=iphonesimulator*]" = YES;
				"INFOPLIST_KEY_UIApplicationSupportsIndirectInputEvents[sdk=iphoneos*]" = YES;
				"INFOPLIST_KEY_UIApplicationSupportsIndirectInputEvents[sdk=iphonesimulator*]" = YES;
				"INFOPLIST_KEY_UILaunchScreen_Generation[sdk=iphoneos*]" = YES;
				"INFOPLIST_KEY_UILaunchScreen_Generation[sdk=iphonesimulator*]" = YES;
				"INFOPLIST_KEY_UIStatusBarStyle[sdk=iphoneos*]" = UIStatusBarStyleDefault;
				"INFOPLIST_KEY_UIStatusBarStyle[sdk=iphonesimulator*]" = UIStatusBarStyleDefault;
				INFOPLIST_KEY_UISupportedInterfaceOrientations_iPad = "UIInterfaceOrientationPortrait UIInterfaceOrientationPortraitUpsideDown UIInterfaceOrientationLandscapeLeft UIInterfaceOrientationLandscapeRight";
				INFOPLIST_KEY_UISupportedInterfaceOrientations_iPhone = "UIInterfaceOrientationPortrait UIInterfaceOrientationLandscapeLeft UIInterfaceOrientationLandscapeRight";
				IPHONEOS_DEPLOYMENT_TARGET = 18.2;
				LD_RUNPATH_SEARCH_PATHS = "@executable_path/Frameworks";
				"LD_RUNPATH_SEARCH_PATHS[sdk=macosx*]" = "@executable_path/../Frameworks";
				MACOSX_DEPLOYMENT_TARGET = 15.0;
				MARKETING_VERSION = 1.0;
				PRODUCT_BUNDLE_IDENTIFIER = "first-project.My-First-Swift";
				PRODUCT_NAME = "$(TARGET_NAME)";
				SDKROOT = auto;
				SUPPORTED_PLATFORMS = "iphoneos iphonesimulator macosx xros xrsimulator";
				SWIFT_EMIT_LOC_STRINGS = YES;
				SWIFT_VERSION = 5.0;
				TARGETED_DEVICE_FAMILY = "1,2,7";
				XROS_DEPLOYMENT_TARGET = 2.2;
			};
			name = Debug;
		};
		E90D0C112D10EE0C003EAE82 /* Release */ = {
			isa = XCBuildConfiguration;
			buildSettings = {
				ASSETCATALOG_COMPILER_APPICON_NAME = AppIcon;
				ASSETCATALOG_COMPILER_GLOBAL_ACCENT_COLOR_NAME = AccentColor;
				CODE_SIGN_ENTITLEMENTS = "My First Swift/My_First_Swift.entitlements";
				CODE_SIGN_STYLE = Automatic;
				CURRENT_PROJECT_VERSION = 1;
				DEVELOPMENT_ASSET_PATHS = "\"My First Swift/Preview Content\"";
				ENABLE_PREVIEWS = YES;
				GENERATE_INFOPLIST_FILE = YES;
				"INFOPLIST_KEY_UIApplicationSceneManifest_Generation[sdk=iphoneos*]" = YES;
				"INFOPLIST_KEY_UIApplicationSceneManifest_Generation[sdk=iphonesimulator*]" = YES;
				"INFOPLIST_KEY_UIApplicationSupportsIndirectInputEvents[sdk=iphoneos*]" = YES;
				"INFOPLIST_KEY_UIApplicationSupportsIndirectInputEvents[sdk=iphonesimulator*]" = YES;
				"INFOPLIST_KEY_UILaunchScreen_Generation[sdk=iphoneos*]" = YES;
				"INFOPLIST_KEY_UILaunchScreen_Generation[sdk=iphonesimulator*]" = YES;
				"INFOPLIST_KEY_UIStatusBarStyle[sdk=iphoneos*]" = UIStatusBarStyleDefault;
				"INFOPLIST_KEY_UIStatusBarStyle[sdk=iphonesimulator*]" = UIStatusBarStyleDefault;
				INFOPLIST_KEY_UISupportedInterfaceOrientations_iPad = "UIInterfaceOrientationPortrait UIInterfaceOrientationPortraitUpsideDown UIInterfaceOrientationLandscapeLeft UIInterfaceOrientationLandscapeRight";
				INFOPLIST_KEY_UISupportedInterfaceOrientations_iPhone = "UIInterfaceOrientationPortrait UIInterfaceOrientationLandscapeLeft UIInterfaceOrientationLandscapeRight";
				IPHONEOS_DEPLOYMENT_TARGET = 18.2;
				LD_RUNPATH_SEARCH_PATHS = "@executable_path/Frameworks";
				"LD_RUNPATH_SEARCH_PATHS[sdk=macosx*]" = "@executable_path/../Frameworks";
				MACOSX_DEPLOYMENT_TARGET = 15.0;
				MARKETING_VERSION = 1.0;
				PRODUCT_BUNDLE_IDENTIFIER = "first-project.My-First-Swift";
				PRODUCT_NAME = "$(TARGET_NAME)";
				SDKROOT = auto;
				SUPPORTED_PLATFORMS = "iphoneos iphonesimulator macosx xros xrsimulator";
				SWIFT_EMIT_LOC_STRINGS = YES;
				SWIFT_VERSION = 5.0;
				TARGETED_DEVICE_FAMILY = "1,2,7";
				XROS_DEPLOYMENT_TARGET = 2.2;
			};
			name = Release;
		};
		E90D0C132D10EE0C003EAE82 /* Debug */ = {
			isa = XCBuildConfiguration;
			buildSettings = {
				BUNDLE_LOADER = "$(TEST_HOST)";
				CODE_SIGN_STYLE = Automatic;
				CURRENT_PROJECT_VERSION = 1;
				GENERATE_INFOPLIST_FILE = YES;
				IPHONEOS_DEPLOYMENT_TARGET = 18.2;
				MACOSX_DEPLOYMENT_TARGET = 15.0;
				MARKETING_VERSION = 1.0;
				PRODUCT_BUNDLE_IDENTIFIER = "first-project.My-First-SwiftTests";
				PRODUCT_NAME = "$(TARGET_NAME)";
				SDKROOT = auto;
				SUPPORTED_PLATFORMS = "iphoneos iphonesimulator macosx xros xrsimulator";
				SWIFT_EMIT_LOC_STRINGS = NO;
				SWIFT_VERSION = 5.0;
				TARGETED_DEVICE_FAMILY = "1,2,7";
				TEST_HOST = "$(BUILT_PRODUCTS_DIR)/My First Swift.app/$(BUNDLE_EXECUTABLE_FOLDER_PATH)/My First Swift";
				XROS_DEPLOYMENT_TARGET = 2.2;
			};
			name = Debug;
		};
		E90D0C142D10EE0C003EAE82 /* Release */ = {
			isa = XCBuildConfiguration;
			buildSettings = {
				BUNDLE_LOADER = "$(TEST_HOST)";
				CODE_SIGN_STYLE = Automatic;
				CURRENT_PROJECT_VERSION = 1;
				GENERATE_INFOPLIST_FILE = YES;
				IPHONEOS_DEPLOYMENT_TARGET = 18.2;
				MACOSX_DEPLOYMENT_TARGET = 15.0;
				MARKETING_VERSION = 1.0;
				PRODUCT_BUNDLE_IDENTIFIER = "first-project.My-First-SwiftTests";
				PRODUCT_NAME = "$(TARGET_NAME)";
				SDKROOT = auto;
				SUPPORTED_PLATFORMS = "iphoneos iphonesimulator macosx xros xrsimulator";
				SWIFT_EMIT_LOC_STRINGS = NO;
				SWIFT_VERSION = 5.0;
				TARGETED_DEVICE_FAMILY = "1,2,7";
				TEST_HOST = "$(BUILT_PRODUCTS_DIR)/My First Swift.app/$(BUNDLE_EXECUTABLE_FOLDER_PATH)/My First Swift";
				XROS_DEPLOYMENT_TARGET = 2.2;
			};
			name = Release;
		};
		E90D0C162D10EE0C003EAE82 /* Debug */ = {
			isa = XCBuildConfiguration;
			buildSettings = {
				CODE_SIGN_STYLE = Automatic;
				CURRENT_PROJECT_VERSION = 1;
				GENERATE_INFOPLIST_FILE = YES;
				IPHONEOS_DEPLOYMENT_TARGET = 18.2;
				MACOSX_DEPLOYMENT_TARGET = 15.0;
				MARKETING_VERSION = 1.0;
				PRODUCT_BUNDLE_IDENTIFIER = "first-project.My-First-SwiftUITests";
				PRODUCT_NAME = "$(TARGET_NAME)";
				SDKROOT = auto;
				SUPPORTED_PLATFORMS = "iphoneos iphonesimulator macosx xros xrsimulator";
				SWIFT_EMIT_LOC_STRINGS = NO;
				SWIFT_VERSION = 5.0;
				TARGETED_DEVICE_FAMILY = "1,2,7";
				TEST_TARGET_NAME = "My First Swift";
				XROS_DEPLOYMENT_TARGET = 2.2;
			};
			name = Debug;
		};
		E90D0C172D10EE0C003EAE82 /* Release */ = {
			isa = XCBuildConfiguration;
			buildSettings = {
				CODE_SIGN_STYLE = Automatic;
				CURRENT_PROJECT_VERSION = 1;
				GENERATE_INFOPLIST_FILE = YES;
				IPHONEOS_DEPLOYMENT_TARGET = 18.2;
				MACOSX_DEPLOYMENT_TARGET = 15.0;
				MARKETING_VERSION = 1.0;
				PRODUCT_BUNDLE_IDENTIFIER = "first-project.My-First-SwiftUITests";
				PRODUCT_NAME = "$(TARGET_NAME)";
				SDKROOT = auto;
				SUPPORTED_PLATFORMS = "iphoneos iphonesimulator macosx xros xrsimulator";
				SWIFT_EMIT_LOC_STRINGS = NO;
				SWIFT_VERSION = 5.0;
				TARGETED_DEVICE_FAMILY = "1,2,7";
				TEST_TARGET_NAME = "My First Swift";
				XROS_DEPLOYMENT_TARGET = 2.2;
			};
			name = Release;
		};
/* End XCBuildConfiguration section */

/* Begin XCConfigurationList section */
		E90D0BE52D10EE0A003EAE82 /* Build configuration list for PBXProject "My First Swift" */ = {
			isa = XCConfigurationList;
			buildConfigurations = (
				E90D0C0D2D10EE0C003EAE82 /* Debug */,
				E90D0C0E2D10EE0C003EAE82 /* Release */,
			);
			defaultConfigurationIsVisible = 0;
			defaultConfigurationName = Release;
		};
		E90D0C0F2D10EE0C003EAE82 /* Build configuration list for PBXNativeTarget "My First Swift" */ = {
			isa = XCConfigurationList;
			buildConfigurations = (
				E90D0C102D10EE0C003EAE82 /* Debug */,
				E90D0C112D10EE0C003EAE82 /* Release */,
			);
			defaultConfigurationIsVisible = 0;
			defaultConfigurationName = Release;
		};
		E90D0C122D10EE0C003EAE82 /* Build configuration list for PBXNativeTarget "My First SwiftTests" */ = {
			isa = XCConfigurationList;
			buildConfigurations = (
				E90D0C132D10EE0C003EAE82 /* Debug */,
				E90D0C142D10EE0C003EAE82 /* Release */,
			);
			defaultConfigurationIsVisible = 0;
			defaultConfigurationName = Release;
		};
		E90D0C152D10EE0C003EAE82 /* Build configuration list for PBXNativeTarget "My First SwiftUITests" */ = {
			isa = XCConfigurationList;
			buildConfigurations = (
				E90D0C162D10EE0C003EAE82 /* Debug */,
				E90D0C172D10EE0C003EAE82 /* Release */,
			);
			defaultConfigurationIsVisible = 0;
			defaultConfigurationName = Release;
		};
/* End XCConfigurationList section */

/* Begin XCRemoteSwiftPackageReference section */
		E979F6442D3F7993005F46CE /* XCRemoteSwiftPackageReference "SDWebImage" */ = {
			isa = XCRemoteSwiftPackageReference;
			repositoryURL = "https://github.com/SDWebImage/SDWebImage";
			requirement = {
				kind = upToNextMajorVersion;
				minimumVersion = 5.20.0;
			};
		};
		E979F6452D3F79D5005F46CE /* XCRemoteSwiftPackageReference "SDWebImageSwiftUI" */ = {
			isa = XCRemoteSwiftPackageReference;
			repositoryURL = "https://github.com/SDWebImage/SDWebImageSwiftUI";
			requirement = {
				kind = upToNextMajorVersion;
				minimumVersion = 3.1.3;
			};
		};
/* End XCRemoteSwiftPackageReference section */

/* Begin XCSwiftPackageProductDependency section */
		E979F6472D3F7B99005F46CE /* SDWebImageSwiftUI */ = {
			isa = XCSwiftPackageProductDependency;
			package = E979F6452D3F79D5005F46CE /* XCRemoteSwiftPackageReference "SDWebImageSwiftUI" */;
			productName = SDWebImageSwiftUI;
		};
		E979F6492D3F7B9F005F46CE /* SDWebImage */ = {
			isa = XCSwiftPackageProductDependency;
			package = E979F6442D3F7993005F46CE /* XCRemoteSwiftPackageReference "SDWebImage" */;
			productName = SDWebImage;
		};
		E979F64B2D3F7BA4005F46CE /* SDWebImageMapKit */ = {
			isa = XCSwiftPackageProductDependency;
			package = E979F6442D3F7993005F46CE /* XCRemoteSwiftPackageReference "SDWebImage" */;
			productName = SDWebImageMapKit;
		};
/* End XCSwiftPackageProductDependency section */
	};
	rootObject = E90D0BE22D10EE0A003EAE82 /* Project object */;
}
